
Microsoft Visual Studio Solution File, Format Version 12.00
# Visual Studio Version 17
VisualStudioVersion = 17.4.33103.184
MinimumVisualStudioVersion = 10.0.40219.1
Project("{FAE04EC0-301F-11D3-BF4B-00C04F79EFBC}") = "Zorge_1", "Zorge_1.csproj", "{10717940-1035-418E-858B-6CADB153BF9D}"
EndProject
Global
	GlobalSection(SolutionConfigurationPlatforms) = preSolution
		Debug|Any CPU = Debug|Any CPU
		Release|Any CPU = Release|Any CPU
	EndGlobalSection
	GlobalSection(ProjectConfigurationPlatforms) = postSolution
		{10717940-1035-418E-858B-6CADB153BF9D}.Debug|Any CPU.ActiveCfg = Debug|Any CPU
		{10717940-1035-418E-858B-6CADB153BF9D}.Debug|Any CPU.Build.0 = Debug|Any CPU
		{10717940-1035-418E-858B-6CADB153BF9D}.Release|Any CPU.ActiveCfg = Release|Any CPU
		{10717940-1035-418E-858B-6CADB153BF9D}.Release|Any CPU.Build.0 = Release|Any CPU
	EndGlobalSection
	GlobalSection(SolutionProperties) = preSolution
		HideSolutionNode = FALSE
	EndGlobalSection
	GlobalSection(ExtensibilityGlobals) = postSolution
		SolutionGuid = {2A83A582-28FC-4165-8BC1-EDEE7AD49C57}
	EndGlobalSection
EndGlobal
